// !$*UTF8*$!
{
	archiveVersion = 1;
	classes = {
	};
	objectVersion = 51;
	objects = {

/* Begin PBXBuildFile section */
		C65E2683A5709783EEBD7C8B /* Pods_Healer.framework in Frameworks */ = {isa = PBXBuildFile; fileRef = AA6D53B90D06EF4B42F5C7C2 /* Pods_Healer.framework */; };
		F62635FF25DD77C80066DF26 /* LoginViewModel.swift in Sources */ = {isa = PBXBuildFile; fileRef = F62635FE25DD77C80066DF26 /* LoginViewModel.swift */; };
		F632779E25DC2E3E004F7A06 /* Network.swift in Sources */ = {isa = PBXBuildFile; fileRef = F632779D25DC2E3E004F7A06 /* Network.swift */; };
		F63277A225DC3376004F7A06 /* APIConstant.swift in Sources */ = {isa = PBXBuildFile; fileRef = F63277A125DC3376004F7A06 /* APIConstant.swift */; };
		F63277A525DC3A6D004F7A06 /* ValidationManager.swift in Sources */ = {isa = PBXBuildFile; fileRef = F63277A425DC3A6D004F7A06 /* ValidationManager.swift */; };
		F63277A825DC3AEB004F7A06 /* Date+Time+Extension.swift in Sources */ = {isa = PBXBuildFile; fileRef = F63277A725DC3AEB004F7A06 /* Date+Time+Extension.swift */; };
		F63277AB25DC3BA6004F7A06 /* UIStoryboard+Extension.swift in Sources */ = {isa = PBXBuildFile; fileRef = F63277AA25DC3BA6004F7A06 /* UIStoryboard+Extension.swift */; };
		F63277AE25DC3C90004F7A06 /* Alert+Extension.swift in Sources */ = {isa = PBXBuildFile; fileRef = F63277AD25DC3C90004F7A06 /* Alert+Extension.swift */; };
		F63277B125DC3E72004F7A06 /* Constant.swift in Sources */ = {isa = PBXBuildFile; fileRef = F63277B025DC3E72004F7A06 /* Constant.swift */; };
		F65C96F325DCD51C00460691 /* LoginResponseModel.swift in Sources */ = {isa = PBXBuildFile; fileRef = F65C96F225DCD51C00460691 /* LoginResponseModel.swift */; };
		F65C96FD25DD002800460691 /* SWRevealViewController.m in Sources */ = {isa = PBXBuildFile; fileRef = F65C96FB25DD002800460691 /* SWRevealViewController.m */; };
		F65C970025DD3B4D00460691 /* UIImage+Gif.swift in Sources */ = {isa = PBXBuildFile; fileRef = F65C96FF25DD3B4D00460691 /* UIImage+Gif.swift */; };
		F65C970325DD3B8000460691 /* demo.gif in Resources */ = {isa = PBXBuildFile; fileRef = F65C970225DD3B8000460691 /* demo.gif */; };
		F65C970725DD3DDA00460691 /* Font.swift in Sources */ = {isa = PBXBuildFile; fileRef = F65C970625DD3DDA00460691 /* Font.swift */; };
		F65C970B25DD3E8D00460691 /* nature.gif in Resources */ = {isa = PBXBuildFile; fileRef = F65C970A25DD3E8C00460691 /* nature.gif */; };
		F665666A25DB8AE60087B628 /* AppDelegate.swift in Sources */ = {isa = PBXBuildFile; fileRef = F665666925DB8AE60087B628 /* AppDelegate.swift */; };
		F665666C25DB8AE60087B628 /* SceneDelegate.swift in Sources */ = {isa = PBXBuildFile; fileRef = F665666B25DB8AE60087B628 /* SceneDelegate.swift */; };
		F665666E25DB8AE60087B628 /* LoginViewController.swift in Sources */ = {isa = PBXBuildFile; fileRef = F665666D25DB8AE60087B628 /* LoginViewController.swift */; };
		F665667125DB8AE60087B628 /* Main.storyboard in Resources */ = {isa = PBXBuildFile; fileRef = F665666F25DB8AE60087B628 /* Main.storyboard */; };
		F665667325DB8AEB0087B628 /* Assets.xcassets in Resources */ = {isa = PBXBuildFile; fileRef = F665667225DB8AEB0087B628 /* Assets.xcassets */; };
		F665667625DB8AEB0087B628 /* LaunchScreen.storyboard in Resources */ = {isa = PBXBuildFile; fileRef = F665667425DB8AEB0087B628 /* LaunchScreen.storyboard */; };
		F665668725DB9FF50087B628 /* Server.swift in Sources */ = {isa = PBXBuildFile; fileRef = F665668625DB9FF50087B628 /* Server.swift */; };
		F66FF1B925DF86C90072BD85 /* SetPasswordViewController.swift in Sources */ = {isa = PBXBuildFile; fileRef = F66FF1B825DF86C90072BD85 /* SetPasswordViewController.swift */; };
		F66FF1BC25DFD2A60072BD85 /* ForgotPasswordViewController.swift in Sources */ = {isa = PBXBuildFile; fileRef = F66FF1BB25DFD2A60072BD85 /* ForgotPasswordViewController.swift */; };
		F6BFAF0325DFEB0F00965FF5 /* ForgotPasswordViewModel.swift in Sources */ = {isa = PBXBuildFile; fileRef = F6BFAF0225DFEB0F00965FF5 /* ForgotPasswordViewModel.swift */; };
		F6BFAF0A25E0061C00965FF5 /* CustomLoader.swift in Sources */ = {isa = PBXBuildFile; fileRef = F6BFAF0925E0061C00965FF5 /* CustomLoader.swift */; };
		F6BFAF1C25E007E400965FF5 /* loader.gif in Resources */ = {isa = PBXBuildFile; fileRef = F6BFAF1B25E007E400965FF5 /* loader.gif */; };
		F6E5943B25DE27EA00CB8BFB /* APIManager.swift in Sources */ = {isa = PBXBuildFile; fileRef = F6E5943A25DE27EA00CB8BFB /* APIManager.swift */; };
		F6E5943E25DE282000CB8BFB /* RequestModel.swift in Sources */ = {isa = PBXBuildFile; fileRef = F6E5943D25DE282000CB8BFB /* RequestModel.swift */; };
		F6E5944125DE282D00CB8BFB /* ResponseModel.swift in Sources */ = {isa = PBXBuildFile; fileRef = F6E5944025DE282D00CB8BFB /* ResponseModel.swift */; };
/* End PBXBuildFile section */

/* Begin PBXFileReference section */
		2D1F4FB23E1E75B81F9029E1 /* Pods-Healer.debug.xcconfig */ = {isa = PBXFileReference; includeInIndex = 1; lastKnownFileType = text.xcconfig; name = "Pods-Healer.debug.xcconfig"; path = "Target Support Files/Pods-Healer/Pods-Healer.debug.xcconfig"; sourceTree = "<group>"; };
		AA6D53B90D06EF4B42F5C7C2 /* Pods_Healer.framework */ = {isa = PBXFileReference; explicitFileType = wrapper.framework; includeInIndex = 0; path = Pods_Healer.framework; sourceTree = BUILT_PRODUCTS_DIR; };
		C8781AE615B40EADB943E5C8 /* Pods-Healer.release.xcconfig */ = {isa = PBXFileReference; includeInIndex = 1; lastKnownFileType = text.xcconfig; name = "Pods-Healer.release.xcconfig"; path = "Target Support Files/Pods-Healer/Pods-Healer.release.xcconfig"; sourceTree = "<group>"; };
		F62635FE25DD77C80066DF26 /* LoginViewModel.swift */ = {isa = PBXFileReference; lastKnownFileType = sourcecode.swift; path = LoginViewModel.swift; sourceTree = "<group>"; };
		F632779D25DC2E3E004F7A06 /* Network.swift */ = {isa = PBXFileReference; lastKnownFileType = sourcecode.swift; path = Network.swift; sourceTree = "<group>"; };
		F63277A125DC3376004F7A06 /* APIConstant.swift */ = {isa = PBXFileReference; lastKnownFileType = sourcecode.swift; path = APIConstant.swift; sourceTree = "<group>"; };
		F63277A425DC3A6D004F7A06 /* ValidationManager.swift */ = {isa = PBXFileReference; lastKnownFileType = sourcecode.swift; path = ValidationManager.swift; sourceTree = "<group>"; };
		F63277A725DC3AEB004F7A06 /* Date+Time+Extension.swift */ = {isa = PBXFileReference; lastKnownFileType = sourcecode.swift; path = "Date+Time+Extension.swift"; sourceTree = "<group>"; };
		F63277AA25DC3BA6004F7A06 /* UIStoryboard+Extension.swift */ = {isa = PBXFileReference; lastKnownFileType = sourcecode.swift; path = "UIStoryboard+Extension.swift"; sourceTree = "<group>"; };
		F63277AD25DC3C90004F7A06 /* Alert+Extension.swift */ = {isa = PBXFileReference; lastKnownFileType = sourcecode.swift; path = "Alert+Extension.swift"; sourceTree = "<group>"; };
		F63277B025DC3E72004F7A06 /* Constant.swift */ = {isa = PBXFileReference; lastKnownFileType = sourcecode.swift; path = Constant.swift; sourceTree = "<group>"; };
		F65C96F225DCD51C00460691 /* LoginResponseModel.swift */ = {isa = PBXFileReference; lastKnownFileType = sourcecode.swift; path = LoginResponseModel.swift; sourceTree = "<group>"; };
		F65C96FA25DD002700460691 /* Healer-Bridging-Header.h */ = {isa = PBXFileReference; lastKnownFileType = sourcecode.c.h; path = "Healer-Bridging-Header.h"; sourceTree = "<group>"; };
		F65C96FB25DD002800460691 /* SWRevealViewController.m */ = {isa = PBXFileReference; fileEncoding = 4; lastKnownFileType = sourcecode.c.objc; path = SWRevealViewController.m; sourceTree = "<group>"; };
		F65C96FC25DD002800460691 /* SWRevealViewController.h */ = {isa = PBXFileReference; fileEncoding = 4; lastKnownFileType = sourcecode.c.h; path = SWRevealViewController.h; sourceTree = "<group>"; };
		F65C96FF25DD3B4D00460691 /* UIImage+Gif.swift */ = {isa = PBXFileReference; fileEncoding = 4; lastKnownFileType = sourcecode.swift; path = "UIImage+Gif.swift"; sourceTree = "<group>"; };
		F65C970225DD3B8000460691 /* demo.gif */ = {isa = PBXFileReference; lastKnownFileType = image.gif; path = demo.gif; sourceTree = "<group>"; };
		F65C970625DD3DDA00460691 /* Font.swift */ = {isa = PBXFileReference; lastKnownFileType = sourcecode.swift; path = Font.swift; sourceTree = "<group>"; };
		F65C970A25DD3E8C00460691 /* nature.gif */ = {isa = PBXFileReference; lastKnownFileType = image.gif; path = nature.gif; sourceTree = "<group>"; };
		F65C970D25DD3F4900460691 /* Karima Regular.otf */ = {isa = PBXFileReference; lastKnownFileType = file; path = "Karima Regular.otf"; sourceTree = "<group>"; };
		F665666625DB8AE60087B628 /* Healer.app */ = {isa = PBXFileReference; explicitFileType = wrapper.application; includeInIndex = 0; path = Healer.app; sourceTree = BUILT_PRODUCTS_DIR; };
		F665666925DB8AE60087B628 /* AppDelegate.swift */ = {isa = PBXFileReference; lastKnownFileType = sourcecode.swift; path = AppDelegate.swift; sourceTree = "<group>"; };
		F665666B25DB8AE60087B628 /* SceneDelegate.swift */ = {isa = PBXFileReference; lastKnownFileType = sourcecode.swift; path = SceneDelegate.swift; sourceTree = "<group>"; };
		F665666D25DB8AE60087B628 /* LoginViewController.swift */ = {isa = PBXFileReference; lastKnownFileType = sourcecode.swift; path = LoginViewController.swift; sourceTree = "<group>"; };
		F665667025DB8AE60087B628 /* Base */ = {isa = PBXFileReference; lastKnownFileType = file.storyboard; name = Base; path = Base.lproj/Main.storyboard; sourceTree = "<group>"; };
		F665667225DB8AEB0087B628 /* Assets.xcassets */ = {isa = PBXFileReference; lastKnownFileType = folder.assetcatalog; path = Assets.xcassets; sourceTree = "<group>"; };
		F665667525DB8AEB0087B628 /* Base */ = {isa = PBXFileReference; lastKnownFileType = file.storyboard; name = Base; path = Base.lproj/LaunchScreen.storyboard; sourceTree = "<group>"; };
		F665667725DB8AEB0087B628 /* Info.plist */ = {isa = PBXFileReference; lastKnownFileType = text.plist.xml; path = Info.plist; sourceTree = "<group>"; };
		F665668625DB9FF50087B628 /* Server.swift */ = {isa = PBXFileReference; lastKnownFileType = sourcecode.swift; path = Server.swift; sourceTree = "<group>"; };
		F66FF1B825DF86C90072BD85 /* SetPasswordViewController.swift */ = {isa = PBXFileReference; lastKnownFileType = sourcecode.swift; path = SetPasswordViewController.swift; sourceTree = "<group>"; };
		F66FF1BB25DFD2A60072BD85 /* ForgotPasswordViewController.swift */ = {isa = PBXFileReference; lastKnownFileType = sourcecode.swift; path = ForgotPasswordViewController.swift; sourceTree = "<group>"; };
		F6BFAF0225DFEB0F00965FF5 /* ForgotPasswordViewModel.swift */ = {isa = PBXFileReference; lastKnownFileType = sourcecode.swift; path = ForgotPasswordViewModel.swift; sourceTree = "<group>"; };
		F6BFAF0925E0061C00965FF5 /* CustomLoader.swift */ = {isa = PBXFileReference; fileEncoding = 4; lastKnownFileType = sourcecode.swift; path = CustomLoader.swift; sourceTree = "<group>"; };
		F6BFAF1B25E007E400965FF5 /* loader.gif */ = {isa = PBXFileReference; lastKnownFileType = image.gif; path = loader.gif; sourceTree = "<group>"; };
		F6E5943A25DE27EA00CB8BFB /* APIManager.swift */ = {isa = PBXFileReference; lastKnownFileType = sourcecode.swift; path = APIManager.swift; sourceTree = "<group>"; };
		F6E5943D25DE282000CB8BFB /* RequestModel.swift */ = {isa = PBXFileReference; lastKnownFileType = sourcecode.swift; path = RequestModel.swift; sourceTree = "<group>"; };
		F6E5944025DE282D00CB8BFB /* ResponseModel.swift */ = {isa = PBXFileReference; lastKnownFileType = sourcecode.swift; path = ResponseModel.swift; sourceTree = "<group>"; };
/* End PBXFileReference section */

/* Begin PBXFrameworksBuildPhase section */
		F665666325DB8AE60087B628 /* Frameworks */ = {
			isa = PBXFrameworksBuildPhase;
			buildActionMask = 2147483647;
			files = (
				C65E2683A5709783EEBD7C8B /* Pods_Healer.framework in Frameworks */,
			);
			runOnlyForDeploymentPostprocessing = 0;
		};
/* End PBXFrameworksBuildPhase section */

/* Begin PBXGroup section */
		01DEBFB585BECD422E4A9110 /* Frameworks */ = {
			isa = PBXGroup;
			children = (
				AA6D53B90D06EF4B42F5C7C2 /* Pods_Healer.framework */,
			);
			name = Frameworks;
			sourceTree = "<group>";
		};
		AE8F5101C9D4233FA6FD41CF /* Pods */ = {
			isa = PBXGroup;
			children = (
				2D1F4FB23E1E75B81F9029E1 /* Pods-Healer.debug.xcconfig */,
				C8781AE615B40EADB943E5C8 /* Pods-Healer.release.xcconfig */,
			);
			path = Pods;
			sourceTree = "<group>";
		};
		F65C96F925DD000D00460691 /* SlideMenu */ = {
			isa = PBXGroup;
			children = (
				F65C96FC25DD002800460691 /* SWRevealViewController.h */,
				F65C96FB25DD002800460691 /* SWRevealViewController.m */,
				F65C96FA25DD002700460691 /* Healer-Bridging-Header.h */,
			);
			path = SlideMenu;
			sourceTree = "<group>";
		};
		F65C970525DD3DC400460691 /* Fonts */ = {
			isa = PBXGroup;
			children = (
				F65C970D25DD3F4900460691 /* Karima Regular.otf */,
				F65C970625DD3DDA00460691 /* Font.swift */,
			);
			path = Fonts;
			sourceTree = "<group>";
		};
		F665665D25DB8AE60087B628 = {
			isa = PBXGroup;
			children = (
				F665666825DB8AE60087B628 /* Healer */,
				F665666725DB8AE60087B628 /* Products */,
				AE8F5101C9D4233FA6FD41CF /* Pods */,
				01DEBFB585BECD422E4A9110 /* Frameworks */,
			);
			sourceTree = "<group>";
		};
		F665666725DB8AE60087B628 /* Products */ = {
			isa = PBXGroup;
			children = (
				F665666625DB8AE60087B628 /* Healer.app */,
			);
			name = Products;
			sourceTree = "<group>";
		};
		F665666825DB8AE60087B628 /* Healer */ = {
			isa = PBXGroup;
			children = (
				F665668425DB8B780087B628 /* APIManager */,
				F665668325DB8B6B0087B628 /* Helper */,
				F665668225DB8B5B0087B628 /* Resource */,
				F665668125DB8B420087B628 /* Model */,
				F665668025DB8B320087B628 /* View */,
				F665667F25DB8B1F0087B628 /* ViewModel */,
				F665667E25DB8B0E0087B628 /* Controller */,
				F665667225DB8AEB0087B628 /* Assets.xcassets */,
				F665667725DB8AEB0087B628 /* Info.plist */,
			);
			path = Healer;
			sourceTree = "<group>";
		};
		F665667E25DB8B0E0087B628 /* Controller */ = {
			isa = PBXGroup;
			children = (
				F665666D25DB8AE60087B628 /* LoginViewController.swift */,
				F66FF1B825DF86C90072BD85 /* SetPasswordViewController.swift */,
				F66FF1BB25DFD2A60072BD85 /* ForgotPasswordViewController.swift */,
			);
			path = Controller;
			sourceTree = "<group>";
		};
		F665667F25DB8B1F0087B628 /* ViewModel */ = {
			isa = PBXGroup;
			children = (
				F62635FE25DD77C80066DF26 /* LoginViewModel.swift */,
				F6E5943A25DE27EA00CB8BFB /* APIManager.swift */,
				F6BFAF0225DFEB0F00965FF5 /* ForgotPasswordViewModel.swift */,
			);
			path = ViewModel;
			sourceTree = "<group>";
		};
		F665668025DB8B320087B628 /* View */ = {
			isa = PBXGroup;
			children = (
				F665668525DB9B910087B628 /* Storyboard */,
			);
			path = View;
			sourceTree = "<group>";
		};
		F665668125DB8B420087B628 /* Model */ = {
			isa = PBXGroup;
			children = (
				F65C96F225DCD51C00460691 /* LoginResponseModel.swift */,
				F6E5943D25DE282000CB8BFB /* RequestModel.swift */,
				F6E5944025DE282D00CB8BFB /* ResponseModel.swift */,
			);
			path = Model;
			sourceTree = "<group>";
		};
		F665668225DB8B5B0087B628 /* Resource */ = {
			isa = PBXGroup;
			children = (
				F65C96F925DD000D00460691 /* SlideMenu */,
				F665666B25DB8AE60087B628 /* SceneDelegate.swift */,
				F665666925DB8AE60087B628 /* AppDelegate.swift */,
			);
			path = Resource;
			sourceTree = "<group>";
		};
		F665668325DB8B6B0087B628 /* Helper */ = {
			isa = PBXGroup;
			children = (
				F65C970525DD3DC400460691 /* Fonts */,
				F65C96FF25DD3B4D00460691 /* UIImage+Gif.swift */,
				F65C970225DD3B8000460691 /* demo.gif */,
				F6BFAF1B25E007E400965FF5 /* loader.gif */,
				F65C970A25DD3E8C00460691 /* nature.gif */,
				F63277A425DC3A6D004F7A06 /* ValidationManager.swift */,
				F63277A725DC3AEB004F7A06 /* Date+Time+Extension.swift */,
				F63277AA25DC3BA6004F7A06 /* UIStoryboard+Extension.swift */,
				F63277AD25DC3C90004F7A06 /* Alert+Extension.swift */,
				F6BFAF0925E0061C00965FF5 /* CustomLoader.swift */,
				F63277B025DC3E72004F7A06 /* Constant.swift */,
			);
			path = Helper;
			sourceTree = "<group>";
		};
		F665668425DB8B780087B628 /* APIManager */ = {
			isa = PBXGroup;
			children = (
				F665668625DB9FF50087B628 /* Server.swift */,
				F632779D25DC2E3E004F7A06 /* Network.swift */,
				F63277A125DC3376004F7A06 /* APIConstant.swift */,
			);
			path = APIManager;
			sourceTree = "<group>";
		};
		F665668525DB9B910087B628 /* Storyboard */ = {
			isa = PBXGroup;
			children = (
				F665667425DB8AEB0087B628 /* LaunchScreen.storyboard */,
				F665666F25DB8AE60087B628 /* Main.storyboard */,
			);
			path = Storyboard;
			sourceTree = "<group>";
		};
/* End PBXGroup section */

/* Begin PBXNativeTarget section */
		F665666525DB8AE60087B628 /* Healer */ = {
			isa = PBXNativeTarget;
			buildConfigurationList = F665667A25DB8AEB0087B628 /* Build configuration list for PBXNativeTarget "Healer" */;
			buildPhases = (
				C5CF7D7FB46943BEF256489D /* [CP] Check Pods Manifest.lock */,
				F665666225DB8AE60087B628 /* Sources */,
				F665666325DB8AE60087B628 /* Frameworks */,
				F665666425DB8AE60087B628 /* Resources */,
				1F19D3E461CDF1A562C187A7 /* [CP] Embed Pods Frameworks */,
			);
			buildRules = (
			);
			dependencies = (
			);
			name = Healer;
			productName = Healer;
			productReference = F665666625DB8AE60087B628 /* Healer.app */;
			productType = "com.apple.product-type.application";
		};
/* End PBXNativeTarget section */

/* Begin PBXProject section */
		F665665E25DB8AE60087B628 /* Project object */ = {
			isa = PBXProject;
			attributes = {
				LastSwiftUpdateCheck = 1230;
				LastUpgradeCheck = 1230;
				TargetAttributes = {
					F665666525DB8AE60087B628 = {
						CreatedOnToolsVersion = 12.3;
						LastSwiftMigration = 1230;
					};
				};
			};
			buildConfigurationList = F665666125DB8AE60087B628 /* Build configuration list for PBXProject "Healer" */;
			compatibilityVersion = "Xcode 9.3";
			developmentRegion = en;
			hasScannedForEncodings = 0;
			knownRegions = (
				en,
				Base,
			);
			mainGroup = F665665D25DB8AE60087B628;
			productRefGroup = F665666725DB8AE60087B628 /* Products */;
			projectDirPath = "";
			projectRoot = "";
			targets = (
				F665666525DB8AE60087B628 /* Healer */,
			);
		};
/* End PBXProject section */

/* Begin PBXResourcesBuildPhase section */
		F665666425DB8AE60087B628 /* Resources */ = {
			isa = PBXResourcesBuildPhase;
			buildActionMask = 2147483647;
			files = (
				F65C970B25DD3E8D00460691 /* nature.gif in Resources */,
				F665667625DB8AEB0087B628 /* LaunchScreen.storyboard in Resources */,
				F65C970325DD3B8000460691 /* demo.gif in Resources */,
				F6BFAF1C25E007E400965FF5 /* loader.gif in Resources */,
				F665667325DB8AEB0087B628 /* Assets.xcassets in Resources */,
				F665667125DB8AE60087B628 /* Main.storyboard in Resources */,
			);
			runOnlyForDeploymentPostprocessing = 0;
		};
/* End PBXResourcesBuildPhase section */

/* Begin PBXShellScriptBuildPhase section */
		1F19D3E461CDF1A562C187A7 /* [CP] Embed Pods Frameworks */ = {
			isa = PBXShellScriptBuildPhase;
			buildActionMask = 2147483647;
			files = (
			);
			inputFileListPaths = (
				"${PODS_ROOT}/Target Support Files/Pods-Healer/Pods-Healer-frameworks-${CONFIGURATION}-input-files.xcfilelist",
			);
			name = "[CP] Embed Pods Frameworks";
			outputFileListPaths = (
				"${PODS_ROOT}/Target Support Files/Pods-Healer/Pods-Healer-frameworks-${CONFIGURATION}-output-files.xcfilelist",
			);
			runOnlyForDeploymentPostprocessing = 0;
			shellPath = /bin/sh;
			shellScript = "\"${PODS_ROOT}/Target Support Files/Pods-Healer/Pods-Healer-frameworks.sh\"\n";
			showEnvVarsInLog = 0;
		};
		C5CF7D7FB46943BEF256489D /* [CP] Check Pods Manifest.lock */ = {
			isa = PBXShellScriptBuildPhase;
			buildActionMask = 2147483647;
			files = (
			);
			inputFileListPaths = (
			);
			inputPaths = (
				"${PODS_PODFILE_DIR_PATH}/Podfile.lock",
				"${PODS_ROOT}/Manifest.lock",
			);
			name = "[CP] Check Pods Manifest.lock";
			outputFileListPaths = (
			);
			outputPaths = (
				"$(DERIVED_FILE_DIR)/Pods-Healer-checkManifestLockResult.txt",
			);
			runOnlyForDeploymentPostprocessing = 0;
			shellPath = /bin/sh;
			shellScript = "diff \"${PODS_PODFILE_DIR_PATH}/Podfile.lock\" \"${PODS_ROOT}/Manifest.lock\" > /dev/null\nif [ $? != 0 ] ; then\n    # print error to STDERR\n    echo \"error: The sandbox is not in sync with the Podfile.lock. Run 'pod install' or update your CocoaPods installation.\" >&2\n    exit 1\nfi\n# This output is used by Xcode 'outputs' to avoid re-running this script phase.\necho \"SUCCESS\" > \"${SCRIPT_OUTPUT_FILE_0}\"\n";
			showEnvVarsInLog = 0;
		};
/* End PBXShellScriptBuildPhase section */

/* Begin PBXSourcesBuildPhase section */
		F665666225DB8AE60087B628 /* Sources */ = {
			isa = PBXSourcesBuildPhase;
			buildActionMask = 2147483647;
			files = (
				F65C96F325DCD51C00460691 /* LoginResponseModel.swift in Sources */,
				F632779E25DC2E3E004F7A06 /* Network.swift in Sources */,
				F6BFAF0A25E0061C00965FF5 /* CustomLoader.swift in Sources */,
				F665666E25DB8AE60087B628 /* LoginViewController.swift in Sources */,
				F65C970025DD3B4D00460691 /* UIImage+Gif.swift in Sources */,
				F66FF1B925DF86C90072BD85 /* SetPasswordViewController.swift in Sources */,
				F62635FF25DD77C80066DF26 /* LoginViewModel.swift in Sources */,
				F6BFAF0325DFEB0F00965FF5 /* ForgotPasswordViewModel.swift in Sources */,
				F6E5943E25DE282000CB8BFB /* RequestModel.swift in Sources */,
				F63277A225DC3376004F7A06 /* APIConstant.swift in Sources */,
				F66FF1BC25DFD2A60072BD85 /* ForgotPasswordViewController.swift in Sources */,
				F665668725DB9FF50087B628 /* Server.swift in Sources */,
				F63277A825DC3AEB004F7A06 /* Date+Time+Extension.swift in Sources */,
				F665666A25DB8AE60087B628 /* AppDelegate.swift in Sources */,
				F65C96FD25DD002800460691 /* SWRevealViewController.m in Sources */,
				F63277AE25DC3C90004F7A06 /* Alert+Extension.swift in Sources */,
				F665666C25DB8AE60087B628 /* SceneDelegate.swift in Sources */,
				F6E5943B25DE27EA00CB8BFB /* APIManager.swift in Sources */,
				F65C970725DD3DDA00460691 /* Font.swift in Sources */,
				F63277B125DC3E72004F7A06 /* Constant.swift in Sources */,
				F63277A525DC3A6D004F7A06 /* ValidationManager.swift in Sources */,
				F63277AB25DC3BA6004F7A06 /* UIStoryboard+Extension.swift in Sources */,
				F6E5944125DE282D00CB8BFB /* ResponseModel.swift in Sources */,
			);
			runOnlyForDeploymentPostprocessing = 0;
		};
/* End PBXSourcesBuildPhase section */

/* Begin PBXVariantGroup section */
		F665666F25DB8AE60087B628 /* Main.storyboard */ = {
			isa = PBXVariantGroup;
			children = (
				F665667025DB8AE60087B628 /* Base */,
			);
			name = Main.storyboard;
			sourceTree = "<group>";
		};
		F665667425DB8AEB0087B628 /* LaunchScreen.storyboard */ = {
			isa = PBXVariantGroup;
			children = (
				F665667525DB8AEB0087B628 /* Base */,
			);
			name = LaunchScreen.storyboard;
			sourceTree = "<group>";
		};
/* End PBXVariantGroup section */

/* Begin XCBuildConfiguration section */
		F665667825DB8AEB0087B628 /* Debug */ = {
			isa = XCBuildConfiguration;
			buildSettings = {
				ALWAYS_SEARCH_USER_PATHS = NO;
				CLANG_ANALYZER_NONNULL = YES;
				CLANG_ANALYZER_NUMBER_OBJECT_CONVERSION = YES_AGGRESSIVE;
				CLANG_CXX_LANGUAGE_STANDARD = "gnu++14";
				CLANG_CXX_LIBRARY = "libc++";
				CLANG_ENABLE_MODULES = YES;
				CLANG_ENABLE_OBJC_ARC = YES;
				CLANG_ENABLE_OBJC_WEAK = YES;
				CLANG_WARN_BLOCK_CAPTURE_AUTORELEASING = YES;
				CLANG_WARN_BOOL_CONVERSION = YES;
				CLANG_WARN_COMMA = YES;
				CLANG_WARN_CONSTANT_CONVERSION = YES;
				CLANG_WARN_DEPRECATED_OBJC_IMPLEMENTATIONS = YES;
				CLANG_WARN_DIRECT_OBJC_ISA_USAGE = YES_ERROR;
				CLANG_WARN_DOCUMENTATION_COMMENTS = YES;
				CLANG_WARN_EMPTY_BODY = YES;
				CLANG_WARN_ENUM_CONVERSION = YES;
				CLANG_WARN_INFINITE_RECURSION = YES;
				CLANG_WARN_INT_CONVERSION = YES;
				CLANG_WARN_NON_LITERAL_NULL_CONVERSION = YES;
				CLANG_WARN_OBJC_IMPLICIT_RETAIN_SELF = YES;
				CLANG_WARN_OBJC_LITERAL_CONVERSION = YES;
				CLANG_WARN_OBJC_ROOT_CLASS = YES_ERROR;
				CLANG_WARN_QUOTED_INCLUDE_IN_FRAMEWORK_HEADER = YES;
				CLANG_WARN_RANGE_LOOP_ANALYSIS = YES;
				CLANG_WARN_STRICT_PROTOTYPES = YES;
				CLANG_WARN_SUSPICIOUS_MOVE = YES;
				CLANG_WARN_UNGUARDED_AVAILABILITY = YES_AGGRESSIVE;
				CLANG_WARN_UNREACHABLE_CODE = YES;
				CLANG_WARN__DUPLICATE_METHOD_MATCH = YES;
				COPY_PHASE_STRIP = NO;
				DEBUG_INFORMATION_FORMAT = dwarf;
				ENABLE_STRICT_OBJC_MSGSEND = YES;
				ENABLE_TESTABILITY = YES;
				GCC_C_LANGUAGE_STANDARD = gnu11;
				GCC_DYNAMIC_NO_PIC = NO;
				GCC_NO_COMMON_BLOCKS = YES;
				GCC_OPTIMIZATION_LEVEL = 0;
				GCC_PREPROCESSOR_DEFINITIONS = (
					"DEBUG=1",
					"$(inherited)",
				);
				GCC_WARN_64_TO_32_BIT_CONVERSION = YES;
				GCC_WARN_ABOUT_RETURN_TYPE = YES_ERROR;
				GCC_WARN_UNDECLARED_SELECTOR = YES;
				GCC_WARN_UNINITIALIZED_AUTOS = YES_AGGRESSIVE;
				GCC_WARN_UNUSED_FUNCTION = YES;
				GCC_WARN_UNUSED_VARIABLE = YES;
				IPHONEOS_DEPLOYMENT_TARGET = 14.3;
				MTL_ENABLE_DEBUG_INFO = INCLUDE_SOURCE;
				MTL_FAST_MATH = YES;
				ONLY_ACTIVE_ARCH = YES;
				SDKROOT = iphoneos;
				SWIFT_ACTIVE_COMPILATION_CONDITIONS = DEBUG;
				SWIFT_OPTIMIZATION_LEVEL = "-Onone";
			};
			name = Debug;
		};
		F665667925DB8AEB0087B628 /* Release */ = {
			isa = XCBuildConfiguration;
			buildSettings = {
				ALWAYS_SEARCH_USER_PATHS = NO;
				CLANG_ANALYZER_NONNULL = YES;
				CLANG_ANALYZER_NUMBER_OBJECT_CONVERSION = YES_AGGRESSIVE;
				CLANG_CXX_LANGUAGE_STANDARD = "gnu++14";
				CLANG_CXX_LIBRARY = "libc++";
				CLANG_ENABLE_MODULES = YES;
				CLANG_ENABLE_OBJC_ARC = YES;
				CLANG_ENABLE_OBJC_WEAK = YES;
				CLANG_WARN_BLOCK_CAPTURE_AUTORELEASING = YES;
				CLANG_WARN_BOOL_CONVERSION = YES;
				CLANG_WARN_COMMA = YES;
				CLANG_WARN_CONSTANT_CONVERSION = YES;
				CLANG_WARN_DEPRECATED_OBJC_IMPLEMENTATIONS = YES;
				CLANG_WARN_DIRECT_OBJC_ISA_USAGE = YES_ERROR;
				CLANG_WARN_DOCUMENTATION_COMMENTS = YES;
				CLANG_WARN_EMPTY_BODY = YES;
				CLANG_WARN_ENUM_CONVERSION = YES;
				CLANG_WARN_INFINITE_RECURSION = YES;
				CLANG_WARN_INT_CONVERSION = YES;
				CLANG_WARN_NON_LITERAL_NULL_CONVERSION = YES;
				CLANG_WARN_OBJC_IMPLICIT_RETAIN_SELF = YES;
				CLANG_WARN_OBJC_LITERAL_CONVERSION = YES;
				CLANG_WARN_OBJC_ROOT_CLASS = YES_ERROR;
				CLANG_WARN_QUOTED_INCLUDE_IN_FRAMEWORK_HEADER = YES;
				CLANG_WARN_RANGE_LOOP_ANALYSIS = YES;
				CLANG_WARN_STRICT_PROTOTYPES = YES;
				CLANG_WARN_SUSPICIOUS_MOVE = YES;
				CLANG_WARN_UNGUARDED_AVAILABILITY = YES_AGGRESSIVE;
				CLANG_WARN_UNREACHABLE_CODE = YES;
				CLANG_WARN__DUPLICATE_METHOD_MATCH = YES;
				COPY_PHASE_STRIP = NO;
				DEBUG_INFORMATION_FORMAT = "dwarf-with-dsym";
				ENABLE_NS_ASSERTIONS = NO;
				ENABLE_STRICT_OBJC_MSGSEND = YES;
				GCC_C_LANGUAGE_STANDARD = gnu11;
				GCC_NO_COMMON_BLOCKS = YES;
				GCC_WARN_64_TO_32_BIT_CONVERSION = YES;
				GCC_WARN_ABOUT_RETURN_TYPE = YES_ERROR;
				GCC_WARN_UNDECLARED_SELECTOR = YES;
				GCC_WARN_UNINITIALIZED_AUTOS = YES_AGGRESSIVE;
				GCC_WARN_UNUSED_FUNCTION = YES;
				GCC_WARN_UNUSED_VARIABLE = YES;
				IPHONEOS_DEPLOYMENT_TARGET = 14.3;
				MTL_ENABLE_DEBUG_INFO = NO;
				MTL_FAST_MATH = YES;
				SDKROOT = iphoneos;
				SWIFT_COMPILATION_MODE = wholemodule;
				SWIFT_OPTIMIZATION_LEVEL = "-O";
				VALIDATE_PRODUCT = YES;
			};
			name = Release;
		};
		F665667B25DB8AEB0087B628 /* Debug */ = {
			isa = XCBuildConfiguration;
			baseConfigurationReference = 2D1F4FB23E1E75B81F9029E1 /* Pods-Healer.debug.xcconfig */;
			buildSettings = {
				ASSETCATALOG_COMPILER_APPICON_NAME = AppIcon;
				ASSETCATALOG_COMPILER_GLOBAL_ACCENT_COLOR_NAME = AccentColor;
				CLANG_ENABLE_MODULES = YES;
				CODE_SIGN_STYLE = Automatic;
				DEVELOPMENT_TEAM = Y6HWM69XLS;
				INFOPLIST_FILE = Healer/Info.plist;
				LD_RUNPATH_SEARCH_PATHS = (
					"$(inherited)",
					"@executable_path/Frameworks",
				);
				PRODUCT_BUNDLE_IDENTIFIER = "com.aaranya-wellness.Healer";
				PRODUCT_NAME = "$(TARGET_NAME)";
				SWIFT_OBJC_BRIDGING_HEADER = "Healer/Resource/SlideMenu/Healer-Bridging-Header.h";
				SWIFT_OPTIMIZATION_LEVEL = "-Onone";
				SWIFT_VERSION = 5.0;
				TARGETED_DEVICE_FAMILY = "1,2";
			};
			name = Debug;
		};
		F665667C25DB8AEB0087B628 /* Release */ = {
			isa = XCBuildConfiguration;
			baseConfigurationReference = C8781AE615B40EADB943E5C8 /* Pods-Healer.release.xcconfig */;
			buildSettings = {
				ASSETCATALOG_COMPILER_APPICON_NAME = AppIcon;
				ASSETCATALOG_COMPILER_GLOBAL_ACCENT_COLOR_NAME = AccentColor;
				CLANG_ENABLE_MODULES = YES;
				CODE_SIGN_STYLE = Automatic;
				DEVELOPMENT_TEAM = Y6HWM69XLS;
				INFOPLIST_FILE = Healer/Info.plist;
				LD_RUNPATH_SEARCH_PATHS = (
					"$(inherited)",
					"@executable_path/Frameworks",
				);
				PRODUCT_BUNDLE_IDENTIFIER = "com.aaranya-wellness.Healer";
				PRODUCT_NAME = "$(TARGET_NAME)";
				SWIFT_OBJC_BRIDGING_HEADER = "Healer/Resource/SlideMenu/Healer-Bridging-Header.h";
				SWIFT_VERSION = 5.0;
				TARGETED_DEVICE_FAMILY = "1,2";
			};
			name = Release;
		};
/* End XCBuildConfiguration section */

/* Begin XCConfigurationList section */
		F665666125DB8AE60087B628 /* Build configuration list for PBXProject "Healer" */ = {
			isa = XCConfigurationList;
			buildConfigurations = (
				F665667825DB8AEB0087B628 /* Debug */,
				F665667925DB8AEB0087B628 /* Release */,
			);
			defaultConfigurationIsVisible = 0;
			defaultConfigurationName = Release;
		};
		F665667A25DB8AEB0087B628 /* Build configuration list for PBXNativeTarget "Healer" */ = {
			isa = XCConfigurationList;
			buildConfigurations = (
				F665667B25DB8AEB0087B628 /* Debug */,
				F665667C25DB8AEB0087B628 /* Release */,
			);
			defaultConfigurationIsVisible = 0;
			defaultConfigurationName = Release;
		};
/* End XCConfigurationList section */
	};
	rootObject = F665665E25DB8AE60087B628 /* Project object */;
}
